
Microsoft Visual Studio Solution File, Format Version 11.00
# Visual Studio 2010
Project("{FAE04EC0-301F-11D3-BF4B-00C04F79EFBC}") = "The Great Number Seer", "Assembly-CSharp.csproj", "{711FDF3F-0A03-9123-24DA-DF4F9086E68D}"
EndProject
Global
	GlobalSection(SolutionConfigurationPlatforms) = preSolution
		Debug|Any CPU = Debug|Any CPU
		Release|Any CPU = Release|Any CPU
	EndGlobalSection
	GlobalSection(ProjectConfigurationPlatforms) = postSolution
		{711FDF3F-0A03-9123-24DA-DF4F9086E68D}.Debug|Any CPU.ActiveCfg = Debug|Any CPU
		{711FDF3F-0A03-9123-24DA-DF4F9086E68D}.Debug|Any CPU.Build.0 = Debug|Any CPU
		{711FDF3F-0A03-9123-24DA-DF4F9086E68D}.Release|Any CPU.ActiveCfg = Release|Any CPU
		{711FDF3F-0A03-9123-24DA-DF4F9086E68D}.Release|Any CPU.Build.0 = Release|Any CPU
	EndGlobalSection
	GlobalSection(SolutionProperties) = preSolution
		HideSolutionNode = FALSE
	EndGlobalSection
	GlobalSection(MonoDevelopProperties) = preSolution
		StartupItem = Assembly-CSharp.csproj
	EndGlobalSection
EndGlobal
